
Microsoft Visual Studio Solution File, Format Version 12.00
# Visual Studio Version 17
VisualStudioVersion = 17.4.33110.190
MinimumVisualStudioVersion = 10.0.40219.1
Project("{FAE04EC0-301F-11D3-BF4B-00C04F79EFBC}") = "BetterNotepad", "BetterNotepad\BetterNotepad.csproj", "{19E80173-79F0-4CF1-AA10-2EF2D7BA432F}"
EndProject
Global
	GlobalSection(SolutionConfigurationPlatforms) = preSolution
		Debug|Any CPU = Debug|Any CPU
		Release|Any CPU = Release|Any CPU
	EndGlobalSection
	GlobalSection(ProjectConfigurationPlatforms) = postSolution
		{19E80173-79F0-4CF1-AA10-2EF2D7BA432F}.Debug|Any CPU.ActiveCfg = Debug|Any CPU
		{19E80173-79F0-4CF1-AA10-2EF2D7BA432F}.Debug|Any CPU.Build.0 = Debug|Any CPU
		{19E80173-79F0-4CF1-AA10-2EF2D7BA432F}.Release|Any CPU.ActiveCfg = Release|Any CPU
		{19E80173-79F0-4CF1-AA10-2EF2D7BA432F}.Release|Any CPU.Build.0 = Release|Any CPU
	EndGlobalSection
	GlobalSection(SolutionProperties) = preSolution
		HideSolutionNode = FALSE
	EndGlobalSection
	GlobalSection(ExtensibilityGlobals) = postSolution
		SolutionGuid = {5B369637-CDE1-48EE-85CE-3ED16E58D52E}
	EndGlobalSection
EndGlobal
